
Microsoft Visual Studio Solution File, Format Version 12.00
# Visual Studio Version 16
VisualStudioVersion = 16.0.31624.102
MinimumVisualStudioVersion = 10.0.40219.1
Project("{8BC9CEB8-8B4A-11D0-8D11-00A0C91BC942}") = "MMOServer", "MMOServer.vcxproj", "{360FC7F2-9B9B-4220-8176-4FABEB9E8322}"
EndProject
Project("{8BC9CEB8-8B4A-11D0-8D11-00A0C91BC942}") = "ServerCore", "ServerCore\ServerCore.vcxproj", "{7FC149A4-E78B-4D2B-BEB4-31F38342D0C5}"
EndProject
Global
	GlobalSection(SolutionConfigurationPlatforms) = preSolution
		Debug|x64 = Debug|x64
		Debug|x86 = Debug|x86
		Release|x64 = Release|x64
		Release|x86 = Release|x86
	EndGlobalSection
	GlobalSection(ProjectConfigurationPlatforms) = postSolution
		{360FC7F2-9B9B-4220-8176-4FABEB9E8322}.Debug|x64.ActiveCfg = Debug|x64
		{360FC7F2-9B9B-4220-8176-4FABEB9E8322}.Debug|x64.Build.0 = Debug|x64
		{360FC7F2-9B9B-4220-8176-4FABEB9E8322}.Debug|x86.ActiveCfg = Debug|Win32
		{360FC7F2-9B9B-4220-8176-4FABEB9E8322}.Debug|x86.Build.0 = Debug|Win32
		{360FC7F2-9B9B-4220-8176-4FABEB9E8322}.Release|x64.ActiveCfg = Release|x64
		{360FC7F2-9B9B-4220-8176-4FABEB9E8322}.Release|x64.Build.0 = Release|x64
		{360FC7F2-9B9B-4220-8176-4FABEB9E8322}.Release|x86.ActiveCfg = Release|Win32
		{360FC7F2-9B9B-4220-8176-4FABEB9E8322}.Release|x86.Build.0 = Release|Win32
		{7FC149A4-E78B-4D2B-BEB4-31F38342D0C5}.Debug|x64.ActiveCfg = Debug|x64
		{7FC149A4-E78B-4D2B-BEB4-31F38342D0C5}.Debug|x64.Build.0 = Debug|x64
		{7FC149A4-E78B-4D2B-BEB4-31F38342D0C5}.Debug|x86.ActiveCfg = Debug|Win32
		{7FC149A4-E78B-4D2B-BEB4-31F38342D0C5}.Debug|x86.Build.0 = Debug|Win32
		{7FC149A4-E78B-4D2B-BEB4-31F38342D0C5}.Release|x64.ActiveCfg = Release|x64
		{7FC149A4-E78B-4D2B-BEB4-31F38342D0C5}.Release|x64.Build.0 = Release|x64
		{7FC149A4-E78B-4D2B-BEB4-31F38342D0C5}.Release|x86.ActiveCfg = Release|Win32
		{7FC149A4-E78B-4D2B-BEB4-31F38342D0C5}.Release|x86.Build.0 = Release|Win32
	EndGlobalSection
	GlobalSection(SolutionProperties) = preSolution
		HideSolutionNode = FALSE
	EndGlobalSection
	GlobalSection(ExtensibilityGlobals) = postSolution
		SolutionGuid = {699F6C7F-A3E0-4EF7-9578-1E8EB74FDF6D}
	EndGlobalSection
EndGlobal
