<?xml version="1.0" encoding="utf-8"?>
<Project ToolsVersion="4.0" xmlns="http://schemas.microsoft.com/developer/msbuild/2003">
  <ItemGroup>
    <ClCompile Include="Dump\MemoryDump.cpp" />
    <ClCompile Include="main.cpp" />
    <ClCompile Include="Memory\FreeList.cpp" />
    <ClCompile Include="Memory\Global.cpp" />
    <ClCompile Include="Memory\LockFreeQ.cpp" />
    <ClCompile Include="Memory\RingBuffer.cpp" />
    <ClCompile Include="Memory\SerializeBuffer.cpp" />
    <ClCompile Include="Test_LockFreeQ.cpp" />
    <ClCompile Include="Test_LockFreeStack.cpp" />
    <ClCompile Include="PCH\PCH_ServerCore.cpp">
      <Filter>PCH</Filter>
    </ClCompile>
  </ItemGroup>
  <ItemGroup>
    <ClInclude Include="Dump\MemoryDump.h" />
    <ClInclude Include="Memory\FreeList.h" />
    <ClInclude Include="Memory\Global.h" />
    <ClInclude Include="Memory\LockFreeQ.h" />
    <ClInclude Include="Memory\LockFreeStack.h" />
    <ClInclude Include="Memory\MemoryPool_TLS.h" />
    <ClInclude Include="Memory\Protocol.h" />
    <ClInclude Include="Memory\RingBuffer.h" />
    <ClInclude Include="Memory\SerializeBuffer.h" />
    <ClInclude Include="Test_LockFreeQ.h" />
    <ClInclude Include="Test_LockFreeStack.h" />
    <ClInclude Include="PCH\PCH_ServerCore.h">
      <Filter>PCH</Filter>
    </ClInclude>
  </ItemGroup>
  <ItemGroup>
    <Filter Include="PCH">
      <UniqueIdentifier>{c482e3f0-fe2e-4212-8eae-601ac7fb2f7c}</UniqueIdentifier>
    </Filter>
  </ItemGroup>
</Project>