
Microsoft Visual Studio Solution File, Format Version 12.00
# Visual Studio 15
VisualStudioVersion = 15.0.28307.2092
MinimumVisualStudioVersion = 10.0.40219.1
Project("{8BC9CEB8-8B4A-11D0-8D11-00A0C91BC942}") = "ServerCore", "ServerCore.vcxproj", "{7FC149A4-E78B-4D2B-BEB4-31F38342D0C5}"
EndProject
Global
	GlobalSection(SolutionConfigurationPlatforms) = preSolution
		Debug|x64 = Debug|x64
		Debug|x86 = Debug|x86
		Release|x64 = Release|x64
		Release|x86 = Release|x86
	EndGlobalSection
	GlobalSection(ProjectConfigurationPlatforms) = postSolution
		{7FC149A4-E78B-4D2B-BEB4-31F38342D0C5}.Debug|x64.ActiveCfg = Debug|x64
		{7FC149A4-E78B-4D2B-BEB4-31F38342D0C5}.Debug|x64.Build.0 = Debug|x64
		{7FC149A4-E78B-4D2B-BEB4-31F38342D0C5}.Debug|x86.ActiveCfg = Debug|Win32
		{7FC149A4-E78B-4D2B-BEB4-31F38342D0C5}.Debug|x86.Build.0 = Debug|Win32
		{7FC149A4-E78B-4D2B-BEB4-31F38342D0C5}.Release|x64.ActiveCfg = Release|x64
		{7FC149A4-E78B-4D2B-BEB4-31F38342D0C5}.Release|x64.Build.0 = Release|x64
		{7FC149A4-E78B-4D2B-BEB4-31F38342D0C5}.Release|x86.ActiveCfg = Release|Win32
		{7FC149A4-E78B-4D2B-BEB4-31F38342D0C5}.Release|x86.Build.0 = Release|Win32
	EndGlobalSection
	GlobalSection(SolutionProperties) = preSolution
		HideSolutionNode = FALSE
	EndGlobalSection
	GlobalSection(ExtensibilityGlobals) = postSolution
		SolutionGuid = {A23DDA9C-4297-4C64-9CD2-31FD8BF117C2}
	EndGlobalSection
EndGlobal
